// !$*UTF8*$!
{
	archiveVersion = 1;
	classes = {
	};
	objectVersion = 50;
	objects = {

/* Begin PBXBuildFile section */
		2B5D9604246A5F300085529B /* AppDelegate.swift in Sources */ = {isa = PBXBuildFile; fileRef = 2B5D9603246A5F300085529B /* AppDelegate.swift */; };
		2B5D9606246A5F300085529B /* SceneDelegate.swift in Sources */ = {isa = PBXBuildFile; fileRef = 2B5D9605246A5F300085529B /* SceneDelegate.swift */; };
		2B5D9608246A5F300085529B /* ContentView.swift in Sources */ = {isa = PBXBuildFile; fileRef = 2B5D9607246A5F300085529B /* ContentView.swift */; };
		2B5D960A246A5F310085529B /* Assets.xcassets in Resources */ = {isa = PBXBuildFile; fileRef = 2B5D9609246A5F310085529B /* Assets.xcassets */; };
		2B5D960D246A5F310085529B /* Preview Assets.xcassets in Resources */ = {isa = PBXBuildFile; fileRef = 2B5D960C246A5F310085529B /* Preview Assets.xcassets */; };
		2B5D9610246A5F310085529B /* LaunchScreen.storyboard in Resources */ = {isa = PBXBuildFile; fileRef = 2B5D960E246A5F310085529B /* LaunchScreen.storyboard */; };
		2B605FCE2478CB8C009880AE /* EventData.swift in Sources */ = {isa = PBXBuildFile; fileRef = 2B605FCD2478CB8C009880AE /* EventData.swift */; };
		2B605FD02478CBA8009880AE /* EventManager.swift in Sources */ = {isa = PBXBuildFile; fileRef = 2B605FCF2478CBA8009880AE /* EventManager.swift */; };
		2B605FD22478E2AE009880AE /* EventManager2.swift in Sources */ = {isa = PBXBuildFile; fileRef = 2B605FD12478E2AE009880AE /* EventManager2.swift */; };
		2B605FD42478E46D009880AE /* EventData2.swift in Sources */ = {isa = PBXBuildFile; fileRef = 2B605FD32478E46D009880AE /* EventData2.swift */; };
/* End PBXBuildFile section */

/* Begin PBXFileReference section */
		2B5D9600246A5F2F0085529B /* Workload manager.app */ = {isa = PBXFileReference; explicitFileType = wrapper.application; includeInIndex = 0; path = "Workload manager.app"; sourceTree = BUILT_PRODUCTS_DIR; };
		2B5D9603246A5F300085529B /* AppDelegate.swift */ = {isa = PBXFileReference; lastKnownFileType = sourcecode.swift; path = AppDelegate.swift; sourceTree = "<group>"; };
		2B5D9605246A5F300085529B /* SceneDelegate.swift */ = {isa = PBXFileReference; lastKnownFileType = sourcecode.swift; path = SceneDelegate.swift; sourceTree = "<group>"; };
		2B5D9607246A5F300085529B /* ContentView.swift */ = {isa = PBXFileReference; lastKnownFileType = sourcecode.swift; path = ContentView.swift; sourceTree = "<group>"; };
		2B5D9609246A5F310085529B /* Assets.xcassets */ = {isa = PBXFileReference; lastKnownFileType = folder.assetcatalog; path = Assets.xcassets; sourceTree = "<group>"; };
		2B5D960C246A5F310085529B /* Preview Assets.xcassets */ = {isa = PBXFileReference; lastKnownFileType = folder.assetcatalog; path = "Preview Assets.xcassets"; sourceTree = "<group>"; };
		2B5D960F246A5F310085529B /* Base */ = {isa = PBXFileReference; lastKnownFileType = file.storyboard; name = Base; path = Base.lproj/LaunchScreen.storyboard; sourceTree = "<group>"; };
		2B5D9611246A5F310085529B /* Info.plist */ = {isa = PBXFileReference; lastKnownFileType = text.plist.xml; path = Info.plist; sourceTree = "<group>"; };
		2B605FCD2478CB8C009880AE /* EventData.swift */ = {isa = PBXFileReference; lastKnownFileType = sourcecode.swift; path = EventData.swift; sourceTree = "<group>"; };
		2B605FCF2478CBA8009880AE /* EventManager.swift */ = {isa = PBXFileReference; lastKnownFileType = sourcecode.swift; path = EventManager.swift; sourceTree = "<group>"; };
		2B605FD12478E2AE009880AE /* EventManager2.swift */ = {isa = PBXFileReference; lastKnownFileType = sourcecode.swift; path = EventManager2.swift; sourceTree = "<group>"; };
		2B605FD32478E46D009880AE /* EventData2.swift */ = {isa = PBXFileReference; lastKnownFileType = sourcecode.swift; path = EventData2.swift; sourceTree = "<group>"; };
/* End PBXFileReference section */

/* Begin PBXFrameworksBuildPhase section */
		2B5D95FD246A5F2F0085529B /* Frameworks */ = {
			isa = PBXFrameworksBuildPhase;
			buildActionMask = 2147483647;
			files = (
			);
			runOnlyForDeploymentPostprocessing = 0;
		};
/* End PBXFrameworksBuildPhase section */

/* Begin PBXGroup section */
		2B5D95F7246A5F2F0085529B = {
			isa = PBXGroup;
			children = (
				2B5D9602246A5F2F0085529B /* Workload manager */,
				2B5D9601246A5F2F0085529B /* Products */,
			);
			sourceTree = "<group>";
		};
		2B5D9601246A5F2F0085529B /* Products */ = {
			isa = PBXGroup;
			children = (
				2B5D9600246A5F2F0085529B /* Workload manager.app */,
			);
			name = Products;
			sourceTree = "<group>";
		};
		2B5D9602246A5F2F0085529B /* Workload manager */ = {
			isa = PBXGroup;
			children = (
				2B5D9603246A5F300085529B /* AppDelegate.swift */,
				2B5D9605246A5F300085529B /* SceneDelegate.swift */,
				2B5D9607246A5F300085529B /* ContentView.swift */,
				2B605FCF2478CBA8009880AE /* EventManager.swift */,
				2B605FD12478E2AE009880AE /* EventManager2.swift */,
				2B605FCD2478CB8C009880AE /* EventData.swift */,
				2B605FD32478E46D009880AE /* EventData2.swift */,
				2B5D9609246A5F310085529B /* Assets.xcassets */,
				2B5D960E246A5F310085529B /* LaunchScreen.storyboard */,
				2B5D9611246A5F310085529B /* Info.plist */,
				2B5D960B246A5F310085529B /* Preview Content */,
			);
			path = "Workload manager";
			sourceTree = "<group>";
		};
		2B5D960B246A5F310085529B /* Preview Content */ = {
			isa = PBXGroup;
			children = (
				2B5D960C246A5F310085529B /* Preview Assets.xcassets */,
			);
			path = "Preview Content";
			sourceTree = "<group>";
		};
/* End PBXGroup section */

/* Begin PBXNativeTarget section */
		2B5D95FF246A5F2F0085529B /* Workload manager */ = {
			isa = PBXNativeTarget;
			buildConfigurationList = 2B5D9614246A5F310085529B /* Build configuration list for PBXNativeTarget "Workload manager" */;
			buildPhases = (
				2B5D95FC246A5F2F0085529B /* Sources */,
				2B5D95FD246A5F2F0085529B /* Frameworks */,
				2B5D95FE246A5F2F0085529B /* Resources */,
			);
			buildRules = (
			);
			dependencies = (
			);
			name = "Workload manager";
			productName = "Workload manager";
			productReference = 2B5D9600246A5F2F0085529B /* Workload manager.app */;
			productType = "com.apple.product-type.application";
		};
/* End PBXNativeTarget section */

/* Begin PBXProject section */
		2B5D95F8246A5F2F0085529B /* Project object */ = {
			isa = PBXProject;
			attributes = {
				LastSwiftUpdateCheck = 1140;
				LastUpgradeCheck = 1140;
				ORGANIZATIONNAME = "Dylan MacFarlane";
				TargetAttributes = {
					2B5D95FF246A5F2F0085529B = {
						CreatedOnToolsVersion = 11.4.1;
					};
				};
			};
			buildConfigurationList = 2B5D95FB246A5F2F0085529B /* Build configuration list for PBXProject "Workload manager" */;
			compatibilityVersion = "Xcode 9.3";
			developmentRegion = en;
			hasScannedForEncodings = 0;
			knownRegions = (
				en,
				Base,
			);
			mainGroup = 2B5D95F7246A5F2F0085529B;
			productRefGroup = 2B5D9601246A5F2F0085529B /* Products */;
			projectDirPath = "";
			projectRoot = "";
			targets = (
				2B5D95FF246A5F2F0085529B /* Workload manager */,
			);
		};
/* End PBXProject section */

/* Begin PBXResourcesBuildPhase section */
		2B5D95FE246A5F2F0085529B /* Resources */ = {
			isa = PBXResourcesBuildPhase;
			buildActionMask = 2147483647;
			files = (
				2B5D9610246A5F310085529B /* LaunchScreen.storyboard in Resources */,
				2B5D960D246A5F310085529B /* Preview Assets.xcassets in Resources */,
				2B5D960A246A5F310085529B /* Assets.xcassets in Resources */,
			);
			runOnlyForDeploymentPostprocessing = 0;
		};
/* End PBXResourcesBuildPhase section */

/* Begin PBXSourcesBuildPhase section */
		2B5D95FC246A5F2F0085529B /* Sources */ = {
			isa = PBXSourcesBuildPhase;
			buildActionMask = 2147483647;
			files = (
				2B605FD02478CBA8009880AE /* EventManager.swift in Sources */,
				2B605FD42478E46D009880AE /* EventData2.swift in Sources */,
				2B605FD22478E2AE009880AE /* EventManager2.swift in Sources */,
				2B5D9604246A5F300085529B /* AppDelegate.swift in Sources */,
				2B5D9606246A5F300085529B /* SceneDelegate.swift in Sources */,
				2B605FCE2478CB8C009880AE /* EventData.swift in Sources */,
				2B5D9608246A5F300085529B /* ContentView.swift in Sources */,
			);
			runOnlyForDeploymentPostprocessing = 0;
		};
/* End PBXSourcesBuildPhase section */

/* Begin PBXVariantGroup section */
		2B5D960E246A5F310085529B /* LaunchScreen.storyboard */ = {
			isa = PBXVariantGroup;
			children = (
				2B5D960F246A5F310085529B /* Base */,
			);
			name = LaunchScreen.storyboard;
			sourceTree = "<group>";
		};
/* End PBXVariantGroup section */

/* Begin XCBuildConfiguration section */
		2B5D9612246A5F310085529B /* Debug */ = {
			isa = XCBuildConfiguration;
			buildSettings = {
				ALWAYS_SEARCH_USER_PATHS = NO;
				CLANG_ANALYZER_NONNULL = YES;
				CLANG_ANALYZER_NUMBER_OBJECT_CONVERSION = YES_AGGRESSIVE;
				CLANG_CXX_LANGUAGE_STANDARD = "gnu++14";
				CLANG_CXX_LIBRARY = "libc++";
				CLANG_ENABLE_MODULES = YES;
				CLANG_ENABLE_OBJC_ARC = YES;
				CLANG_ENABLE_OBJC_WEAK = YES;
				CLANG_WARN_BLOCK_CAPTURE_AUTORELEASING = YES;
				CLANG_WARN_BOOL_CONVERSION = YES;
				CLANG_WARN_COMMA = YES;
				CLANG_WARN_CONSTANT_CONVERSION = YES;
				CLANG_WARN_DEPRECATED_OBJC_IMPLEMENTATIONS = YES;
				CLANG_WARN_DIRECT_OBJC_ISA_USAGE = YES_ERROR;
				CLANG_WARN_DOCUMENTATION_COMMENTS = YES;
				CLANG_WARN_EMPTY_BODY = YES;
				CLANG_WARN_ENUM_CONVERSION = YES;
				CLANG_WARN_INFINITE_RECURSION = YES;
				CLANG_WARN_INT_CONVERSION = YES;
				CLANG_WARN_NON_LITERAL_NULL_CONVERSION = YES;
				CLANG_WARN_OBJC_IMPLICIT_RETAIN_SELF = YES;
				CLANG_WARN_OBJC_LITERAL_CONVERSION = YES;
				CLANG_WARN_OBJC_ROOT_CLASS = YES_ERROR;
				CLANG_WARN_RANGE_LOOP_ANALYSIS = YES;
				CLANG_WARN_STRICT_PROTOTYPES = YES;
				CLANG_WARN_SUSPICIOUS_MOVE = YES;
				CLANG_WARN_UNGUARDED_AVAILABILITY = YES_AGGRESSIVE;
				CLANG_WARN_UNREACHABLE_CODE = YES;
				CLANG_WARN__DUPLICATE_METHOD_MATCH = YES;
				COPY_PHASE_STRIP = NO;
				DEBUG_INFORMATION_FORMAT = dwarf;
				ENABLE_STRICT_OBJC_MSGSEND = YES;
				ENABLE_TESTABILITY = YES;
				GCC_C_LANGUAGE_STANDARD = gnu11;
				GCC_DYNAMIC_NO_PIC = NO;
				GCC_NO_COMMON_BLOCKS = YES;
				GCC_OPTIMIZATION_LEVEL = 0;
				GCC_PREPROCESSOR_DEFINITIONS = (
					"DEBUG=1",
					"$(inherited)",
				);
				GCC_WARN_64_TO_32_BIT_CONVERSION = YES;
				GCC_WARN_ABOUT_RETURN_TYPE = YES_ERROR;
				GCC_WARN_UNDECLARED_SELECTOR = YES;
				GCC_WARN_UNINITIALIZED_AUTOS = YES_AGGRESSIVE;
				GCC_WARN_UNUSED_FUNCTION = YES;
				GCC_WARN_UNUSED_VARIABLE = YES;
				IPHONEOS_DEPLOYMENT_TARGET = 13.4;
				MTL_ENABLE_DEBUG_INFO = INCLUDE_SOURCE;
				MTL_FAST_MATH = YES;
				ONLY_ACTIVE_ARCH = YES;
				SDKROOT = iphoneos;
				SWIFT_ACTIVE_COMPILATION_CONDITIONS = DEBUG;
				SWIFT_OPTIMIZATION_LEVEL = "-Onone";
			};
			name = Debug;
		};
		2B5D9613246A5F310085529B /* Release */ = {
			isa = XCBuildConfiguration;
			buildSettings = {
				ALWAYS_SEARCH_USER_PATHS = NO;
				CLANG_ANALYZER_NONNULL = YES;
				CLANG_ANALYZER_NUMBER_OBJECT_CONVERSION = YES_AGGRESSIVE;
				CLANG_CXX_LANGUAGE_STANDARD = "gnu++14";
				CLANG_CXX_LIBRARY = "libc++";
				CLANG_ENABLE_MODULES = YES;
				CLANG_ENABLE_OBJC_ARC = YES;
				CLANG_ENABLE_OBJC_WEAK = YES;
				CLANG_WARN_BLOCK_CAPTURE_AUTORELEASING = YES;
				CLANG_WARN_BOOL_CONVERSION = YES;
				CLANG_WARN_COMMA = YES;
				CLANG_WARN_CONSTANT_CONVERSION = YES;
				CLANG_WARN_DEPRECATED_OBJC_IMPLEMENTATIONS = YES;
				CLANG_WARN_DIRECT_OBJC_ISA_USAGE = YES_ERROR;
				CLANG_WARN_DOCUMENTATION_COMMENTS = YES;
				CLANG_WARN_EMPTY_BODY = YES;
				CLANG_WARN_ENUM_CONVERSION = YES;
				CLANG_WARN_INFINITE_RECURSION = YES;
				CLANG_WARN_INT_CONVERSION = YES;
				CLANG_WARN_NON_LITERAL_NULL_CONVERSION = YES;
				CLANG_WARN_OBJC_IMPLICIT_RETAIN_SELF = YES;
				CLANG_WARN_OBJC_LITERAL_CONVERSION = YES;
				CLANG_WARN_OBJC_ROOT_CLASS = YES_ERROR;
				CLANG_WARN_RANGE_LOOP_ANALYSIS = YES;
				CLANG_WARN_STRICT_PROTOTYPES = YES;
				CLANG_WARN_SUSPICIOUS_MOVE = YES;
				CLANG_WARN_UNGUARDED_AVAILABILITY = YES_AGGRESSIVE;
				CLANG_WARN_UNREACHABLE_CODE = YES;
				CLANG_WARN__DUPLICATE_METHOD_MATCH = YES;
				COPY_PHASE_STRIP = NO;
				DEBUG_INFORMATION_FORMAT = "dwarf-with-dsym";
				ENABLE_NS_ASSERTIONS = NO;
				ENABLE_STRICT_OBJC_MSGSEND = YES;
				GCC_C_LANGUAGE_STANDARD = gnu11;
				GCC_NO_COMMON_BLOCKS = YES;
				GCC_WARN_64_TO_32_BIT_CONVERSION = YES;
				GCC_WARN_ABOUT_RETURN_TYPE = YES_ERROR;
				GCC_WARN_UNDECLARED_SELECTOR = YES;
				GCC_WARN_UNINITIALIZED_AUTOS = YES_AGGRESSIVE;
				GCC_WARN_UNUSED_FUNCTION = YES;
				GCC_WARN_UNUSED_VARIABLE = YES;
				IPHONEOS_DEPLOYMENT_TARGET = 13.4;
				MTL_ENABLE_DEBUG_INFO = NO;
				MTL_FAST_MATH = YES;
				SDKROOT = iphoneos;
				SWIFT_COMPILATION_MODE = wholemodule;
				SWIFT_OPTIMIZATION_LEVEL = "-O";
				VALIDATE_PRODUCT = YES;
			};
			name = Release;
		};
		2B5D9615246A5F310085529B /* Debug */ = {
			isa = XCBuildConfiguration;
			buildSettings = {
				ASSETCATALOG_COMPILER_APPICON_NAME = AppIcon;
				CODE_SIGN_STYLE = Automatic;
				DEVELOPMENT_ASSET_PATHS = "\"Workload manager/Preview Content\"";
				DEVELOPMENT_TEAM = N582TJ9X3R;
				ENABLE_PREVIEWS = YES;
				INFOPLIST_FILE = "Workload manager/Info.plist";
				LD_RUNPATH_SEARCH_PATHS = (
					"$(inherited)",
					"@executable_path/Frameworks",
				);
				PRODUCT_BUNDLE_IDENTIFIER = "org.cate.cs.DM.Workload-manager";
				PRODUCT_NAME = "$(TARGET_NAME)";
				SWIFT_VERSION = 5.0;
				TARGETED_DEVICE_FAMILY = "1,2";
			};
			name = Debug;
		};
		2B5D9616246A5F310085529B /* Release */ = {
			isa = XCBuildConfiguration;
			buildSettings = {
				ASSETCATALOG_COMPILER_APPICON_NAME = AppIcon;
				CODE_SIGN_STYLE = Automatic;
				DEVELOPMENT_ASSET_PATHS = "\"Workload manager/Preview Content\"";
				DEVELOPMENT_TEAM = N582TJ9X3R;
				ENABLE_PREVIEWS = YES;
				INFOPLIST_FILE = "Workload manager/Info.plist";
				LD_RUNPATH_SEARCH_PATHS = (
					"$(inherited)",
					"@executable_path/Frameworks",
				);
				PRODUCT_BUNDLE_IDENTIFIER = "org.cate.cs.DM.Workload-manager";
				PRODUCT_NAME = "$(TARGET_NAME)";
				SWIFT_VERSION = 5.0;
				TARGETED_DEVICE_FAMILY = "1,2";
			};
			name = Release;
		};
/* End XCBuildConfiguration section */

/* Begin XCConfigurationList section */
		2B5D95FB246A5F2F0085529B /* Build configuration list for PBXProject "Workload manager" */ = {
			isa = XCConfigurationList;
			buildConfigurations = (
				2B5D9612246A5F310085529B /* Debug */,
				2B5D9613246A5F310085529B /* Release */,
			);
			defaultConfigurationIsVisible = 0;
			defaultConfigurationName = Release;
		};
		2B5D9614246A5F310085529B /* Build configuration list for PBXNativeTarget "Workload manager" */ = {
			isa = XCConfigurationList;
			buildConfigurations = (
				2B5D9615246A5F310085529B /* Debug */,
				2B5D9616246A5F310085529B /* Release */,
			);
			defaultConfigurationIsVisible = 0;
			defaultConfigurationName = Release;
		};
/* End XCConfigurationList section */
	};
	rootObject = 2B5D95F8246A5F2F0085529B /* Project object */;
}
